{
  "version": 4,
  "terraform_version": "0.12.28",
  "serial": 22,
  "lineage": "abbc9f27-3c24-19d8-ddc4-dddfac80c4ed",
  "outputs": {},
  "resources": [
    {
      "mode": "managed",
      "type": "aws_default_security_group",
      "name": "default",
      "provider": "provider.aws",
      "instances": [
        {
          "schema_version": 1,
          "attributes": {
            "arn": "arn:aws:ec2:ap-northeast-1:152231080651:security-group/sg-0fd277df78cd8b185",
            "description": "default VPC security group",
            "egress": [],
            "id": "sg-0fd277df78cd8b185",
            "ingress": [],
            "name": "default",
            "owner_id": "152231080651",
            "revoke_rules_on_delete": false,
            "tags": {},
            "timeouts": null,
            "vpc_id": "vpc-03a9c6225bdf3aa9c"
          },
          "private": "eyJlMmJmYjczMC1lY2FhLTExZTYtOGY4OC0zNDM2M2JjN2M0YzAiOnsiY3JlYXRlIjo2MDAwMDAwMDAwMDAsImRlbGV0ZSI6NjAwMDAwMDAwMDAwfSwic2NoZW1hX3ZlcnNpb24iOiIxIn0=",
          "dependencies": [
            "aws_vpc.YutaVPC"
          ]
        }
      ]
    },
    {
      "mode": "managed",
      "type": "aws_instance",
      "name": "YutaInstance",
      "provider": "provider.aws",
      "instances": [
        {
          "schema_version": 1,
          "attributes": {
            "ami": "ami-0a1c2ec61571737db",
            "arn": "arn:aws:ec2:ap-northeast-1:152231080651:instance/i-0b8b83c8b175aa54b",
            "associate_public_ip_address": false,
            "availability_zone": "ap-northeast-1a",
            "cpu_core_count": 1,
            "cpu_threads_per_core": 1,
            "credit_specification": [
              {
                "cpu_credits": "standard"
              }
            ],
            "disable_api_termination": false,
            "ebs_block_device": [],
            "ebs_optimized": false,
            "ephemeral_block_device": [],
            "get_password_data": false,
            "hibernation": false,
            "host_id": null,
            "iam_instance_profile": "",
            "id": "i-0b8b83c8b175aa54b",
            "instance_initiated_shutdown_behavior": null,
            "instance_state": "running",
            "instance_type": "t2.micro",
            "ipv6_address_count": 0,
            "ipv6_addresses": [],
            "key_name": "TokyoKeyPair",
            "metadata_options": [
              {
                "http_endpoint": "enabled",
                "http_put_response_hop_limit": 1,
                "http_tokens": "optional"
              }
            ],
            "monitoring": false,
            "network_interface": [
              {
                "delete_on_termination": false,
                "device_index": 0,
                "network_interface_id": "eni-01530e5f18b352977"
              }
            ],
            "network_interface_id": null,
            "outpost_arn": "",
            "password_data": "",
            "placement_group": "",
            "primary_network_interface_id": "eni-01530e5f18b352977",
            "private_dns": "ip-172-16-10-100.ap-northeast-1.compute.internal",
            "private_ip": "172.16.10.100",
            "public_dns": "",
            "public_ip": "",
            "root_block_device": [
              {
                "delete_on_termination": true,
                "device_name": "/dev/xvda",
                "encrypted": false,
                "iops": 100,
                "kms_key_id": "",
                "volume_id": "vol-0b26277f5a71edfce",
                "volume_size": 8,
                "volume_type": "gp2"
              }
            ],
            "security_groups": [],
            "source_dest_check": true,
            "subnet_id": "subnet-0fbdfa995b0641bc2",
            "tags": {
              "Name": "YutaInstance-terraform"
            },
            "tenancy": "default",
            "timeouts": null,
            "user_data": null,
            "user_data_base64": null,
            "volume_tags": {},
            "vpc_security_group_ids": [
              "sg-0fd277df78cd8b185"
            ]
          },
          "private": "eyJlMmJmYjczMC1lY2FhLTExZTYtOGY4OC0zNDM2M2JjN2M0YzAiOnsiY3JlYXRlIjo2MDAwMDAwMDAwMDAsImRlbGV0ZSI6MTIwMDAwMDAwMDAwMCwidXBkYXRlIjo2MDAwMDAwMDAwMDB9LCJzY2hlbWFfdmVyc2lvbiI6IjEifQ==",
          "dependencies": [
            "aws_network_interface.YutaNetwork"
          ]
        }
      ]
    },
    {
      "mode": "managed",
      "type": "aws_network_interface",
      "name": "YutaNetwork",
      "provider": "provider.aws",
      "instances": [
        {
          "schema_version": 0,
          "attributes": {
            "attachment": [],
            "description": "",
            "id": "eni-01530e5f18b352977",
            "mac_address": "06:2f:2c:31:51:6a",
            "outpost_arn": "",
            "private_dns_name": "",
            "private_ip": "172.16.10.100",
            "private_ips": [
              "172.16.10.100"
            ],
            "private_ips_count": 0,
            "security_groups": [
              "sg-0fd277df78cd8b185"
            ],
            "source_dest_check": true,
            "subnet_id": "subnet-0fbdfa995b0641bc2",
            "tags": {
              "Name": "primary_network_interface"
            }
          },
          "private": "bnVsbA==",
          "dependencies": [
            "aws_subnet.YutaSubnet",
            "aws_vpc.YutaVPC"
          ]
        }
      ]
    },
    {
      "mode": "managed",
      "type": "aws_subnet",
      "name": "YutaSubnet",
      "provider": "provider.aws",
      "instances": [
        {
          "schema_version": 1,
          "attributes": {
            "arn": "arn:aws:ec2:ap-northeast-1:152231080651:subnet/subnet-0fbdfa995b0641bc2",
            "assign_ipv6_address_on_creation": false,
            "availability_zone": "ap-northeast-1a",
            "availability_zone_id": "apne1-az4",
            "cidr_block": "172.16.10.0/24",
            "id": "subnet-0fbdfa995b0641bc2",
            "ipv6_cidr_block": "",
            "ipv6_cidr_block_association_id": "",
            "map_public_ip_on_launch": false,
            "outpost_arn": "",
            "owner_id": "152231080651",
            "tags": {
              "Name": "YutaSubnet-terraform"
            },
            "timeouts": null,
            "vpc_id": "vpc-03a9c6225bdf3aa9c"
          },
          "private": "eyJlMmJmYjczMC1lY2FhLTExZTYtOGY4OC0zNDM2M2JjN2M0YzAiOnsiY3JlYXRlIjo2MDAwMDAwMDAwMDAsImRlbGV0ZSI6MTIwMDAwMDAwMDAwMH0sInNjaGVtYV92ZXJzaW9uIjoiMSJ9",
          "dependencies": [
            "aws_vpc.YutaVPC"
          ]
        }
      ]
    },
    {
      "mode": "managed",
      "type": "aws_vpc",
      "name": "YutaVPC",
      "provider": "provider.aws",
      "instances": [
        {
          "schema_version": 1,
          "attributes": {
            "arn": "arn:aws:ec2:ap-northeast-1:152231080651:vpc/vpc-03a9c6225bdf3aa9c",
            "assign_generated_ipv6_cidr_block": false,
            "cidr_block": "172.16.0.0/16",
            "default_network_acl_id": "acl-02dbf01224792aeae",
            "default_route_table_id": "rtb-0897647d2581c4544",
            "default_security_group_id": "sg-0fd277df78cd8b185",
            "dhcp_options_id": "dopt-8f0156e8",
            "enable_classiclink": false,
            "enable_classiclink_dns_support": false,
            "enable_dns_hostnames": false,
            "enable_dns_support": true,
            "id": "vpc-03a9c6225bdf3aa9c",
            "instance_tenancy": "default",
            "ipv6_association_id": "",
            "ipv6_cidr_block": "",
            "main_route_table_id": "rtb-0897647d2581c4544",
            "owner_id": "152231080651",
            "tags": {
              "Name": "YutaVPC-terraform"
            }
          },
          "private": "eyJzY2hlbWFfdmVyc2lvbiI6IjEifQ=="
        }
      ]
    }
  ]
}
