{
  "version": 4,
  "terraform_version": "0.12.28",
  "serial": 88,
  "lineage": "abbc9f27-3c24-19d8-ddc4-dddfac80c4ed",
  "outputs": {},
  "resources": [
    {
      "mode": "managed",
      "type": "aws_instance",
      "name": "YutaInstance",
      "provider": "provider.aws",
      "instances": [
        {
          "schema_version": 1,
          "attributes": {
            "ami": "ami-06ad9296e6cf1e3cf",
            "arn": "arn:aws:ec2:ap-northeast-1:152231080651:instance/i-0b7e5a7e9f2455c1c",
            "associate_public_ip_address": true,
            "availability_zone": "ap-northeast-1c",
            "cpu_core_count": 1,
            "cpu_threads_per_core": 1,
            "credit_specification": [
              {
                "cpu_credits": "standard"
              }
            ],
            "disable_api_termination": false,
            "ebs_block_device": [],
            "ebs_optimized": false,
            "ephemeral_block_device": [],
            "get_password_data": false,
            "hibernation": false,
            "host_id": null,
            "iam_instance_profile": "",
            "id": "i-0b7e5a7e9f2455c1c",
            "instance_initiated_shutdown_behavior": null,
            "instance_state": "running",
            "instance_type": "t2.micro",
            "ipv6_address_count": 0,
            "ipv6_addresses": [],
            "key_name": "TokyoKeyPair",
            "metadata_options": [
              {
                "http_endpoint": "enabled",
                "http_put_response_hop_limit": 1,
                "http_tokens": "optional"
              }
            ],
            "monitoring": false,
            "network_interface": [],
            "network_interface_id": null,
            "outpost_arn": "",
            "password_data": "",
            "placement_group": "",
            "primary_network_interface_id": "eni-073eb210dc950c943",
            "private_dns": "ip-172-31-5-214.ap-northeast-1.compute.internal",
            "private_ip": "172.31.5.214",
            "public_dns": "ec2-18-183-86-201.ap-northeast-1.compute.amazonaws.com",
            "public_ip": "18.183.86.201",
            "root_block_device": [
              {
                "delete_on_termination": true,
                "device_name": "/dev/xvda",
                "encrypted": false,
                "iops": 100,
                "kms_key_id": "",
                "volume_id": "vol-0a2832ef723b0d447",
                "volume_size": 8,
                "volume_type": "gp2"
              }
            ],
            "security_groups": [
              "WordPress-SG"
            ],
            "source_dest_check": true,
            "subnet_id": "subnet-0ae38ef8f92736026",
            "tags": {
              "Name": "YutaInstance-terraform"
            },
            "tenancy": "default",
            "timeouts": null,
            "user_data": null,
            "user_data_base64": null,
            "volume_tags": {},
            "vpc_security_group_ids": [
              "sg-0b2cbd5fbd6f61d86"
            ]
          },
          "private": "eyJlMmJmYjczMC1lY2FhLTExZTYtOGY4OC0zNDM2M2JjN2M0YzAiOnsiY3JlYXRlIjo2MDAwMDAwMDAwMDAsImRlbGV0ZSI6MTIwMDAwMDAwMDAwMCwidXBkYXRlIjo2MDAwMDAwMDAwMDB9LCJzY2hlbWFfdmVyc2lvbiI6IjEifQ=="
        }
      ]
    }
  ]
}
